// !$*UTF8*$!
{
	archiveVersion = 1;
	classes = {
	};
	objectVersion = 46;
	objects = {

/* Begin PBXBuildFile section */
		A7CFD7CD184923E5003D5557 /* Foundation.framework in Frameworks */ = {isa = PBXBuildFile; fileRef = A7CFD7CC184923E5003D5557 /* Foundation.framework */; };
		A7CFD7CF184923E5003D5557 /* CoreGraphics.framework in Frameworks */ = {isa = PBXBuildFile; fileRef = A7CFD7CE184923E5003D5557 /* CoreGraphics.framework */; };
		A7CFD7D1184923E5003D5557 /* UIKit.framework in Frameworks */ = {isa = PBXBuildFile; fileRef = A7CFD7D0184923E5003D5557 /* UIKit.framework */; };
		A7CFD7D7184923E5003D5557 /* InfoPlist.strings in Resources */ = {isa = PBXBuildFile; fileRef = A7CFD7D5184923E5003D5557 /* InfoPlist.strings */; };
		A7CFD7D9184923E5003D5557 /* main.m in Sources */ = {isa = PBXBuildFile; fileRef = A7CFD7D8184923E5003D5557 /* main.m */; };
		A7CFD7DD184923E5003D5557 /* LFAppDelegate.m in Sources */ = {isa = PBXBuildFile; fileRef = A7CFD7DC184923E5003D5557 /* LFAppDelegate.m */; };
		A7CFD7E0184923E5003D5557 /* Main.storyboard in Resources */ = {isa = PBXBuildFile; fileRef = A7CFD7DE184923E5003D5557 /* Main.storyboard */; };
		A7CFD7E3184923E5003D5557 /* LFViewController.m in Sources */ = {isa = PBXBuildFile; fileRef = A7CFD7E2184923E5003D5557 /* LFViewController.m */; };
		A7CFD7E5184923E5003D5557 /* Images.xcassets in Resources */ = {isa = PBXBuildFile; fileRef = A7CFD7E4184923E5003D5557 /* Images.xcassets */; };
		A7CFD7EC184923E5003D5557 /* XCTest.framework in Frameworks */ = {isa = PBXBuildFile; fileRef = A7CFD7EB184923E5003D5557 /* XCTest.framework */; };
		A7CFD7ED184923E5003D5557 /* Foundation.framework in Frameworks */ = {isa = PBXBuildFile; fileRef = A7CFD7CC184923E5003D5557 /* Foundation.framework */; };
		A7CFD7EE184923E5003D5557 /* UIKit.framework in Frameworks */ = {isa = PBXBuildFile; fileRef = A7CFD7D0184923E5003D5557 /* UIKit.framework */; };
		A7CFD7F6184923E5003D5557 /* InfoPlist.strings in Resources */ = {isa = PBXBuildFile; fileRef = A7CFD7F4184923E5003D5557 /* InfoPlist.strings */; };
		A7CFD7F8184923E5003D5557 /* LFLineChartViewExampleTests.m in Sources */ = {isa = PBXBuildFile; fileRef = A7CFD7F7184923E5003D5557 /* LFLineChartViewExampleTests.m */; };
		A7CFD80B18492439003D5557 /* .gitignore in Resources */ = {isa = PBXBuildFile; fileRef = A7CFD80818492439003D5557 /* .gitignore */; };
		A7CFD80C18492439003D5557 /* LFLineChartView.m in Sources */ = {isa = PBXBuildFile; fileRef = A7CFD80A18492439003D5557 /* LFLineChartView.m */; };
		A7CFD810184930A0003D5557 /* LFExampleLineChartView.m in Sources */ = {isa = PBXBuildFile; fileRef = A7CFD80F184930A0003D5557 /* LFExampleLineChartView.m */; };
/* End PBXBuildFile section */

/* Begin PBXContainerItemProxy section */
		A7CFD7EF184923E5003D5557 /* PBXContainerItemProxy */ = {
			isa = PBXContainerItemProxy;
			containerPortal = A7CFD7C1184923E5003D5557 /* Project object */;
			proxyType = 1;
			remoteGlobalIDString = A7CFD7C8184923E5003D5557;
			remoteInfo = LFLineChartViewExample;
		};
/* End PBXContainerItemProxy section */

/* Begin PBXFileReference section */
		A7CFD7C9184923E5003D5557 /* LFLineChartViewExample.app */ = {isa = PBXFileReference; explicitFileType = wrapper.application; includeInIndex = 0; path = LFLineChartViewExample.app; sourceTree = BUILT_PRODUCTS_DIR; };
		A7CFD7CC184923E5003D5557 /* Foundation.framework */ = {isa = PBXFileReference; lastKnownFileType = wrapper.framework; name = Foundation.framework; path = System/Library/Frameworks/Foundation.framework; sourceTree = SDKROOT; };
		A7CFD7CE184923E5003D5557 /* CoreGraphics.framework */ = {isa = PBXFileReference; lastKnownFileType = wrapper.framework; name = CoreGraphics.framework; path = System/Library/Frameworks/CoreGraphics.framework; sourceTree = SDKROOT; };
		A7CFD7D0184923E5003D5557 /* UIKit.framework */ = {isa = PBXFileReference; lastKnownFileType = wrapper.framework; name = UIKit.framework; path = System/Library/Frameworks/UIKit.framework; sourceTree = SDKROOT; };
		A7CFD7D4184923E5003D5557 /* LFLineChartViewExample-Info.plist */ = {isa = PBXFileReference; lastKnownFileType = text.plist.xml; path = "LFLineChartViewExample-Info.plist"; sourceTree = "<group>"; };
		A7CFD7D6184923E5003D5557 /* en */ = {isa = PBXFileReference; lastKnownFileType = text.plist.strings; name = en; path = en.lproj/InfoPlist.strings; sourceTree = "<group>"; };
		A7CFD7D8184923E5003D5557 /* main.m */ = {isa = PBXFileReference; lastKnownFileType = sourcecode.c.objc; path = main.m; sourceTree = "<group>"; };
		A7CFD7DA184923E5003D5557 /* LFLineChartViewExample-Prefix.pch */ = {isa = PBXFileReference; lastKnownFileType = sourcecode.c.h; path = "LFLineChartViewExample-Prefix.pch"; sourceTree = "<group>"; };
		A7CFD7DB184923E5003D5557 /* LFAppDelegate.h */ = {isa = PBXFileReference; lastKnownFileType = sourcecode.c.h; path = LFAppDelegate.h; sourceTree = "<group>"; };
		A7CFD7DC184923E5003D5557 /* LFAppDelegate.m */ = {isa = PBXFileReference; lastKnownFileType = sourcecode.c.objc; path = LFAppDelegate.m; sourceTree = "<group>"; };
		A7CFD7DF184923E5003D5557 /* Base */ = {isa = PBXFileReference; lastKnownFileType = file.storyboard; name = Base; path = Base.lproj/Main.storyboard; sourceTree = "<group>"; };
		A7CFD7E1184923E5003D5557 /* LFViewController.h */ = {isa = PBXFileReference; lastKnownFileType = sourcecode.c.h; path = LFViewController.h; sourceTree = "<group>"; };
		A7CFD7E2184923E5003D5557 /* LFViewController.m */ = {isa = PBXFileReference; lastKnownFileType = sourcecode.c.objc; path = LFViewController.m; sourceTree = "<group>"; };
		A7CFD7E4184923E5003D5557 /* Images.xcassets */ = {isa = PBXFileReference; lastKnownFileType = folder.assetcatalog; path = Images.xcassets; sourceTree = "<group>"; };
		A7CFD7EA184923E5003D5557 /* LFLineChartViewExampleTests.xctest */ = {isa = PBXFileReference; explicitFileType = wrapper.cfbundle; includeInIndex = 0; path = LFLineChartViewExampleTests.xctest; sourceTree = BUILT_PRODUCTS_DIR; };
		A7CFD7EB184923E5003D5557 /* XCTest.framework */ = {isa = PBXFileReference; lastKnownFileType = wrapper.framework; name = XCTest.framework; path = Library/Frameworks/XCTest.framework; sourceTree = DEVELOPER_DIR; };
		A7CFD7F3184923E5003D5557 /* LFLineChartViewExampleTests-Info.plist */ = {isa = PBXFileReference; lastKnownFileType = text.plist.xml; path = "LFLineChartViewExampleTests-Info.plist"; sourceTree = "<group>"; };
		A7CFD7F5184923E5003D5557 /* en */ = {isa = PBXFileReference; lastKnownFileType = text.plist.strings; name = en; path = en.lproj/InfoPlist.strings; sourceTree = "<group>"; };
		A7CFD7F7184923E5003D5557 /* LFLineChartViewExampleTests.m */ = {isa = PBXFileReference; lastKnownFileType = sourcecode.c.objc; path = LFLineChartViewExampleTests.m; sourceTree = "<group>"; };
		A7CFD80818492439003D5557 /* .gitignore */ = {isa = PBXFileReference; fileEncoding = 4; lastKnownFileType = text; path = .gitignore; sourceTree = "<group>"; };
		A7CFD80918492439003D5557 /* LFLineChartView.h */ = {isa = PBXFileReference; fileEncoding = 4; lastKnownFileType = sourcecode.c.h; path = LFLineChartView.h; sourceTree = "<group>"; };
		A7CFD80A18492439003D5557 /* LFLineChartView.m */ = {isa = PBXFileReference; fileEncoding = 4; lastKnownFileType = sourcecode.c.objc; path = LFLineChartView.m; sourceTree = "<group>"; };
		A7CFD80E184930A0003D5557 /* LFExampleLineChartView.h */ = {isa = PBXFileReference; fileEncoding = 4; lastKnownFileType = sourcecode.c.h; name = LFExampleLineChartView.h; path = ExampleChart/LFExampleLineChartView.h; sourceTree = "<group>"; };
		A7CFD80F184930A0003D5557 /* LFExampleLineChartView.m */ = {isa = PBXFileReference; fileEncoding = 4; lastKnownFileType = sourcecode.c.objc; name = LFExampleLineChartView.m; path = ExampleChart/LFExampleLineChartView.m; sourceTree = "<group>"; };
/* End PBXFileReference section */

/* Begin PBXFrameworksBuildPhase section */
		A7CFD7C6184923E5003D5557 /* Frameworks */ = {
			isa = PBXFrameworksBuildPhase;
			buildActionMask = 2147483647;
			files = (
				A7CFD7CF184923E5003D5557 /* CoreGraphics.framework in Frameworks */,
				A7CFD7D1184923E5003D5557 /* UIKit.framework in Frameworks */,
				A7CFD7CD184923E5003D5557 /* Foundation.framework in Frameworks */,
			);
			runOnlyForDeploymentPostprocessing = 0;
		};
		A7CFD7E7184923E5003D5557 /* Frameworks */ = {
			isa = PBXFrameworksBuildPhase;
			buildActionMask = 2147483647;
			files = (
				A7CFD7EC184923E5003D5557 /* XCTest.framework in Frameworks */,
				A7CFD7EE184923E5003D5557 /* UIKit.framework in Frameworks */,
				A7CFD7ED184923E5003D5557 /* Foundation.framework in Frameworks */,
			);
			runOnlyForDeploymentPostprocessing = 0;
		};
/* End PBXFrameworksBuildPhase section */

/* Begin PBXGroup section */
		A7CFD7C0184923E5003D5557 = {
			isa = PBXGroup;
			children = (
				A7CFD7D2184923E5003D5557 /* LFLineChartViewExample */,
				A7CFD7F1184923E5003D5557 /* LFLineChartViewExampleTests */,
				A7CFD7CB184923E5003D5557 /* Frameworks */,
				A7CFD7CA184923E5003D5557 /* Products */,
			);
			sourceTree = "<group>";
		};
		A7CFD7CA184923E5003D5557 /* Products */ = {
			isa = PBXGroup;
			children = (
				A7CFD7C9184923E5003D5557 /* LFLineChartViewExample.app */,
				A7CFD7EA184923E5003D5557 /* LFLineChartViewExampleTests.xctest */,
			);
			name = Products;
			sourceTree = "<group>";
		};
		A7CFD7CB184923E5003D5557 /* Frameworks */ = {
			isa = PBXGroup;
			children = (
				A7CFD7CC184923E5003D5557 /* Foundation.framework */,
				A7CFD7CE184923E5003D5557 /* CoreGraphics.framework */,
				A7CFD7D0184923E5003D5557 /* UIKit.framework */,
				A7CFD7EB184923E5003D5557 /* XCTest.framework */,
			);
			name = Frameworks;
			sourceTree = "<group>";
		};
		A7CFD7D2184923E5003D5557 /* LFLineChartViewExample */ = {
			isa = PBXGroup;
			children = (
				A7CFD80D1849304B003D5557 /* ExampleChart */,
				A7CFD80718492439003D5557 /* LFLineChartView */,
				A7CFD7DB184923E5003D5557 /* LFAppDelegate.h */,
				A7CFD7DC184923E5003D5557 /* LFAppDelegate.m */,
				A7CFD7DE184923E5003D5557 /* Main.storyboard */,
				A7CFD7E1184923E5003D5557 /* LFViewController.h */,
				A7CFD7E2184923E5003D5557 /* LFViewController.m */,
				A7CFD7E4184923E5003D5557 /* Images.xcassets */,
				A7CFD7D3184923E5003D5557 /* Supporting Files */,
			);
			path = LFLineChartViewExample;
			sourceTree = "<group>";
		};
		A7CFD7D3184923E5003D5557 /* Supporting Files */ = {
			isa = PBXGroup;
			children = (
				A7CFD7D4184923E5003D5557 /* LFLineChartViewExample-Info.plist */,
				A7CFD7D5184923E5003D5557 /* InfoPlist.strings */,
				A7CFD7D8184923E5003D5557 /* main.m */,
				A7CFD7DA184923E5003D5557 /* LFLineChartViewExample-Prefix.pch */,
			);
			name = "Supporting Files";
			sourceTree = "<group>";
		};
		A7CFD7F1184923E5003D5557 /* LFLineChartViewExampleTests */ = {
			isa = PBXGroup;
			children = (
				A7CFD7F7184923E5003D5557 /* LFLineChartViewExampleTests.m */,
				A7CFD7F2184923E5003D5557 /* Supporting Files */,
			);
			path = LFLineChartViewExampleTests;
			sourceTree = "<group>";
		};
		A7CFD7F2184923E5003D5557 /* Supporting Files */ = {
			isa = PBXGroup;
			children = (
				A7CFD7F3184923E5003D5557 /* LFLineChartViewExampleTests-Info.plist */,
				A7CFD7F4184923E5003D5557 /* InfoPlist.strings */,
			);
			name = "Supporting Files";
			sourceTree = "<group>";
		};
		A7CFD80718492439003D5557 /* LFLineChartView */ = {
			isa = PBXGroup;
			children = (
				A7CFD80818492439003D5557 /* .gitignore */,
				A7CFD80918492439003D5557 /* LFLineChartView.h */,
				A7CFD80A18492439003D5557 /* LFLineChartView.m */,
			);
			name = LFLineChartView;
			path = ../../../../LFLineChartView;
			sourceTree = "<group>";
		};
		A7CFD80D1849304B003D5557 /* ExampleChart */ = {
			isa = PBXGroup;
			children = (
				A7CFD80E184930A0003D5557 /* LFExampleLineChartView.h */,
				A7CFD80F184930A0003D5557 /* LFExampleLineChartView.m */,
			);
			name = ExampleChart;
			sourceTree = "<group>";
		};
/* End PBXGroup section */

/* Begin PBXNativeTarget section */
		A7CFD7C8184923E5003D5557 /* LFLineChartViewExample */ = {
			isa = PBXNativeTarget;
			buildConfigurationList = A7CFD7FB184923E5003D5557 /* Build configuration list for PBXNativeTarget "LFLineChartViewExample" */;
			buildPhases = (
				A7CFD7C5184923E5003D5557 /* Sources */,
				A7CFD7C6184923E5003D5557 /* Frameworks */,
				A7CFD7C7184923E5003D5557 /* Resources */,
			);
			buildRules = (
			);
			dependencies = (
			);
			name = LFLineChartViewExample;
			productName = LFLineChartViewExample;
			productReference = A7CFD7C9184923E5003D5557 /* LFLineChartViewExample.app */;
			productType = "com.apple.product-type.application";
		};
		A7CFD7E9184923E5003D5557 /* LFLineChartViewExampleTests */ = {
			isa = PBXNativeTarget;
			buildConfigurationList = A7CFD7FE184923E5003D5557 /* Build configuration list for PBXNativeTarget "LFLineChartViewExampleTests" */;
			buildPhases = (
				A7CFD7E6184923E5003D5557 /* Sources */,
				A7CFD7E7184923E5003D5557 /* Frameworks */,
				A7CFD7E8184923E5003D5557 /* Resources */,
			);
			buildRules = (
			);
			dependencies = (
				A7CFD7F0184923E5003D5557 /* PBXTargetDependency */,
			);
			name = LFLineChartViewExampleTests;
			productName = LFLineChartViewExampleTests;
			productReference = A7CFD7EA184923E5003D5557 /* LFLineChartViewExampleTests.xctest */;
			productType = "com.apple.product-type.bundle.unit-test";
		};
/* End PBXNativeTarget section */

/* Begin PBXProject section */
		A7CFD7C1184923E5003D5557 /* Project object */ = {
			isa = PBXProject;
			attributes = {
				CLASSPREFIX = LF;
				LastUpgradeCheck = 0500;
				ORGANIZATIONNAME = LeonardFactory;
				TargetAttributes = {
					A7CFD7E9184923E5003D5557 = {
						TestTargetID = A7CFD7C8184923E5003D5557;
					};
				};
			};
			buildConfigurationList = A7CFD7C4184923E5003D5557 /* Build configuration list for PBXProject "LFLineChartViewExample" */;
			compatibilityVersion = "Xcode 3.2";
			developmentRegion = English;
			hasScannedForEncodings = 0;
			knownRegions = (
				en,
				Base,
			);
			mainGroup = A7CFD7C0184923E5003D5557;
			productRefGroup = A7CFD7CA184923E5003D5557 /* Products */;
			projectDirPath = "";
			projectRoot = "";
			targets = (
				A7CFD7C8184923E5003D5557 /* LFLineChartViewExample */,
				A7CFD7E9184923E5003D5557 /* LFLineChartViewExampleTests */,
			);
		};
/* End PBXProject section */

/* Begin PBXResourcesBuildPhase section */
		A7CFD7C7184923E5003D5557 /* Resources */ = {
			isa = PBXResourcesBuildPhase;
			buildActionMask = 2147483647;
			files = (
				A7CFD80B18492439003D5557 /* .gitignore in Resources */,
				A7CFD7E5184923E5003D5557 /* Images.xcassets in Resources */,
				A7CFD7D7184923E5003D5557 /* InfoPlist.strings in Resources */,
				A7CFD7E0184923E5003D5557 /* Main.storyboard in Resources */,
			);
			runOnlyForDeploymentPostprocessing = 0;
		};
		A7CFD7E8184923E5003D5557 /* Resources */ = {
			isa = PBXResourcesBuildPhase;
			buildActionMask = 2147483647;
			files = (
				A7CFD7F6184923E5003D5557 /* InfoPlist.strings in Resources */,
			);
			runOnlyForDeploymentPostprocessing = 0;
		};
/* End PBXResourcesBuildPhase section */

/* Begin PBXSourcesBuildPhase section */
		A7CFD7C5184923E5003D5557 /* Sources */ = {
			isa = PBXSourcesBuildPhase;
			buildActionMask = 2147483647;
			files = (
				A7CFD7DD184923E5003D5557 /* LFAppDelegate.m in Sources */,
				A7CFD7D9184923E5003D5557 /* main.m in Sources */,
				A7CFD7E3184923E5003D5557 /* LFViewController.m in Sources */,
				A7CFD80C18492439003D5557 /* LFLineChartView.m in Sources */,
				A7CFD810184930A0003D5557 /* LFExampleLineChartView.m in Sources */,
			);
			runOnlyForDeploymentPostprocessing = 0;
		};
		A7CFD7E6184923E5003D5557 /* Sources */ = {
			isa = PBXSourcesBuildPhase;
			buildActionMask = 2147483647;
			files = (
				A7CFD7F8184923E5003D5557 /* LFLineChartViewExampleTests.m in Sources */,
			);
			runOnlyForDeploymentPostprocessing = 0;
		};
/* End PBXSourcesBuildPhase section */

/* Begin PBXTargetDependency section */
		A7CFD7F0184923E5003D5557 /* PBXTargetDependency */ = {
			isa = PBXTargetDependency;
			target = A7CFD7C8184923E5003D5557 /* LFLineChartViewExample */;
			targetProxy = A7CFD7EF184923E5003D5557 /* PBXContainerItemProxy */;
		};
/* End PBXTargetDependency section */

/* Begin PBXVariantGroup section */
		A7CFD7D5184923E5003D5557 /* InfoPlist.strings */ = {
			isa = PBXVariantGroup;
			children = (
				A7CFD7D6184923E5003D5557 /* en */,
			);
			name = InfoPlist.strings;
			sourceTree = "<group>";
		};
		A7CFD7DE184923E5003D5557 /* Main.storyboard */ = {
			isa = PBXVariantGroup;
			children = (
				A7CFD7DF184923E5003D5557 /* Base */,
			);
			name = Main.storyboard;
			sourceTree = "<group>";
		};
		A7CFD7F4184923E5003D5557 /* InfoPlist.strings */ = {
			isa = PBXVariantGroup;
			children = (
				A7CFD7F5184923E5003D5557 /* en */,
			);
			name = InfoPlist.strings;
			sourceTree = "<group>";
		};
/* End PBXVariantGroup section */

/* Begin XCBuildConfiguration section */
		A7CFD7F9184923E5003D5557 /* Debug */ = {
			isa = XCBuildConfiguration;
			buildSettings = {
				ALWAYS_SEARCH_USER_PATHS = NO;
				ARCHS = "$(ARCHS_STANDARD_INCLUDING_64_BIT)";
				CLANG_CXX_LANGUAGE_STANDARD = "gnu++0x";
				CLANG_CXX_LIBRARY = "libc++";
				CLANG_ENABLE_MODULES = YES;
				CLANG_ENABLE_OBJC_ARC = YES;
				CLANG_WARN_BOOL_CONVERSION = YES;
				CLANG_WARN_CONSTANT_CONVERSION = YES;
				CLANG_WARN_DIRECT_OBJC_ISA_USAGE = YES_ERROR;
				CLANG_WARN_EMPTY_BODY = YES;
				CLANG_WARN_ENUM_CONVERSION = YES;
				CLANG_WARN_INT_CONVERSION = YES;
				CLANG_WARN_OBJC_ROOT_CLASS = YES_ERROR;
				CLANG_WARN__DUPLICATE_METHOD_MATCH = YES;
				"CODE_SIGN_IDENTITY[sdk=iphoneos*]" = "iPhone Developer";
				COPY_PHASE_STRIP = NO;
				GCC_C_LANGUAGE_STANDARD = gnu99;
				GCC_DYNAMIC_NO_PIC = NO;
				GCC_OPTIMIZATION_LEVEL = 0;
				GCC_PREPROCESSOR_DEFINITIONS = (
					"DEBUG=1",
					"$(inherited)",
				);
				GCC_SYMBOLS_PRIVATE_EXTERN = NO;
				GCC_WARN_64_TO_32_BIT_CONVERSION = YES;
				GCC_WARN_ABOUT_RETURN_TYPE = YES_ERROR;
				GCC_WARN_UNDECLARED_SELECTOR = YES;
				GCC_WARN_UNINITIALIZED_AUTOS = YES;
				GCC_WARN_UNUSED_FUNCTION = YES;
				GCC_WARN_UNUSED_VARIABLE = YES;
				IPHONEOS_DEPLOYMENT_TARGET = 7.0;
				ONLY_ACTIVE_ARCH = YES;
				SDKROOT = iphoneos;
			};
			name = Debug;
		};
		A7CFD7FA184923E5003D5557 /* Release */ = {
			isa = XCBuildConfiguration;
			buildSettings = {
				ALWAYS_SEARCH_USER_PATHS = NO;
				ARCHS = "$(ARCHS_STANDARD_INCLUDING_64_BIT)";
				CLANG_CXX_LANGUAGE_STANDARD = "gnu++0x";
				CLANG_CXX_LIBRARY = "libc++";
				CLANG_ENABLE_MODULES = YES;
				CLANG_ENABLE_OBJC_ARC = YES;
				CLANG_WARN_BOOL_CONVERSION = YES;
				CLANG_WARN_CONSTANT_CONVERSION = YES;
				CLANG_WARN_DIRECT_OBJC_ISA_USAGE = YES_ERROR;
				CLANG_WARN_EMPTY_BODY = YES;
				CLANG_WARN_ENUM_CONVERSION = YES;
				CLANG_WARN_INT_CONVERSION = YES;
				CLANG_WARN_OBJC_ROOT_CLASS = YES_ERROR;
				CLANG_WARN__DUPLICATE_METHOD_MATCH = YES;
				"CODE_SIGN_IDENTITY[sdk=iphoneos*]" = "iPhone Developer";
				COPY_PHASE_STRIP = YES;
				ENABLE_NS_ASSERTIONS = NO;
				GCC_C_LANGUAGE_STANDARD = gnu99;
				GCC_WARN_64_TO_32_BIT_CONVERSION = YES;
				GCC_WARN_ABOUT_RETURN_TYPE = YES_ERROR;
				GCC_WARN_UNDECLARED_SELECTOR = YES;
				GCC_WARN_UNINITIALIZED_AUTOS = YES;
				GCC_WARN_UNUSED_FUNCTION = YES;
				GCC_WARN_UNUSED_VARIABLE = YES;
				IPHONEOS_DEPLOYMENT_TARGET = 7.0;
				SDKROOT = iphoneos;
				VALIDATE_PRODUCT = YES;
			};
			name = Release;
		};
		A7CFD7FC184923E5003D5557 /* Debug */ = {
			isa = XCBuildConfiguration;
			buildSettings = {
				ASSETCATALOG_COMPILER_APPICON_NAME = AppIcon;
				ASSETCATALOG_COMPILER_LAUNCHIMAGE_NAME = LaunchImage;
				GCC_PRECOMPILE_PREFIX_HEADER = YES;
				GCC_PREFIX_HEADER = "LFLineChartViewExample/LFLineChartViewExample-Prefix.pch";
				INFOPLIST_FILE = "LFLineChartViewExample/LFLineChartViewExample-Info.plist";
				PRODUCT_NAME = "$(TARGET_NAME)";
				WRAPPER_EXTENSION = app;
			};
			name = Debug;
		};
		A7CFD7FD184923E5003D5557 /* Release */ = {
			isa = XCBuildConfiguration;
			buildSettings = {
				ASSETCATALOG_COMPILER_APPICON_NAME = AppIcon;
				ASSETCATALOG_COMPILER_LAUNCHIMAGE_NAME = LaunchImage;
				GCC_PRECOMPILE_PREFIX_HEADER = YES;
				GCC_PREFIX_HEADER = "LFLineChartViewExample/LFLineChartViewExample-Prefix.pch";
				INFOPLIST_FILE = "LFLineChartViewExample/LFLineChartViewExample-Info.plist";
				PRODUCT_NAME = "$(TARGET_NAME)";
				WRAPPER_EXTENSION = app;
			};
			name = Release;
		};
		A7CFD7FF184923E5003D5557 /* Debug */ = {
			isa = XCBuildConfiguration;
			buildSettings = {
				ARCHS = "$(ARCHS_STANDARD_INCLUDING_64_BIT)";
				BUNDLE_LOADER = "$(BUILT_PRODUCTS_DIR)/LFLineChartViewExample.app/LFLineChartViewExample";
				FRAMEWORK_SEARCH_PATHS = (
					"$(SDKROOT)/Developer/Library/Frameworks",
					"$(inherited)",
					"$(DEVELOPER_FRAMEWORKS_DIR)",
				);
				GCC_PRECOMPILE_PREFIX_HEADER = YES;
				GCC_PREFIX_HEADER = "LFLineChartViewExample/LFLineChartViewExample-Prefix.pch";
				GCC_PREPROCESSOR_DEFINITIONS = (
					"DEBUG=1",
					"$(inherited)",
				);
				INFOPLIST_FILE = "LFLineChartViewExampleTests/LFLineChartViewExampleTests-Info.plist";
				PRODUCT_NAME = "$(TARGET_NAME)";
				TEST_HOST = "$(BUNDLE_LOADER)";
				WRAPPER_EXTENSION = xctest;
			};
			name = Debug;
		};
		A7CFD800184923E5003D5557 /* Release */ = {
			isa = XCBuildConfiguration;
			buildSettings = {
				ARCHS = "$(ARCHS_STANDARD_INCLUDING_64_BIT)";
				BUNDLE_LOADER = "$(BUILT_PRODUCTS_DIR)/LFLineChartViewExample.app/LFLineChartViewExample";
				FRAMEWORK_SEARCH_PATHS = (
					"$(SDKROOT)/Developer/Library/Frameworks",
					"$(inherited)",
					"$(DEVELOPER_FRAMEWORKS_DIR)",
				);
				GCC_PRECOMPILE_PREFIX_HEADER = YES;
				GCC_PREFIX_HEADER = "LFLineChartViewExample/LFLineChartViewExample-Prefix.pch";
				INFOPLIST_FILE = "LFLineChartViewExampleTests/LFLineChartViewExampleTests-Info.plist";
				PRODUCT_NAME = "$(TARGET_NAME)";
				TEST_HOST = "$(BUNDLE_LOADER)";
				WRAPPER_EXTENSION = xctest;
			};
			name = Release;
		};
/* End XCBuildConfiguration section */

/* Begin XCConfigurationList section */
		A7CFD7C4184923E5003D5557 /* Build configuration list for PBXProject "LFLineChartViewExample" */ = {
			isa = XCConfigurationList;
			buildConfigurations = (
				A7CFD7F9184923E5003D5557 /* Debug */,
				A7CFD7FA184923E5003D5557 /* Release */,
			);
			defaultConfigurationIsVisible = 0;
			defaultConfigurationName = Release;
		};
		A7CFD7FB184923E5003D5557 /* Build configuration list for PBXNativeTarget "LFLineChartViewExample" */ = {
			isa = XCConfigurationList;
			buildConfigurations = (
				A7CFD7FC184923E5003D5557 /* Debug */,
				A7CFD7FD184923E5003D5557 /* Release */,
			);
			defaultConfigurationIsVisible = 0;
		};
		A7CFD7FE184923E5003D5557 /* Build configuration list for PBXNativeTarget "LFLineChartViewExampleTests" */ = {
			isa = XCConfigurationList;
			buildConfigurations = (
				A7CFD7FF184923E5003D5557 /* Debug */,
				A7CFD800184923E5003D5557 /* Release */,
			);
			defaultConfigurationIsVisible = 0;
		};
/* End XCConfigurationList section */
	};
	rootObject = A7CFD7C1184923E5003D5557 /* Project object */;
}
